// !$*UTF8*$!
{
	archiveVersion = 1;
	classes = {
	};
	objectVersion = 46;
	objects = {

/* Begin PBXBuildFile section */
		F80A43EA1AF9AF8100CF09EE /* button_unlock.png in Resources */ = {isa = PBXBuildFile; fileRef = F80A43E91AF9AF8100CF09EE /* button_unlock.png */; };
		F80A43EC1AF9B51C00CF09EE /* button_cl_b.png in Resources */ = {isa = PBXBuildFile; fileRef = F80A43EB1AF9B51C00CF09EE /* button_cl_b.png */; };
		F80FC3361AC5243200B21126 /* DragView.m in Sources */ = {isa = PBXBuildFile; fileRef = F80FC3351AC5243200B21126 /* DragView.m */; };
		F80FC33A1AC5426A00B21126 /* ResultDetaiViewController.m in Sources */ = {isa = PBXBuildFile; fileRef = F80FC3381AC5426A00B21126 /* ResultDetaiViewController.m */; };
		F80FC33B1AC5426A00B21126 /* ResultDetaiViewController.xib in Resources */ = {isa = PBXBuildFile; fileRef = F80FC3391AC5426A00B21126 /* ResultDetaiViewController.xib */; };
		F8BC61321AEE3620009BD309 /* StoreKit.framework in Frameworks */ = {isa = PBXBuildFile; fileRef = F8BC61311AEE3620009BD309 /* StoreKit.framework */; };
		F8DE64301ADCEC7800B4A66D /* Quartz.framework in Frameworks */ = {isa = PBXBuildFile; fileRef = F8DE642F1ADCEC7800B4A66D /* Quartz.framework */; };
		F8DE8EAC1AF8CC7600C2F35E /* AMCStrechableButton.m in Sources */ = {isa = PBXBuildFile; fileRef = F8DE8EAB1AF8CC7600C2F35E /* AMCStrechableButton.m */; };
		F8DE8EB11AF8CCB800C2F35E /* NSButton+Addation.m in Sources */ = {isa = PBXBuildFile; fileRef = F8DE8EAE1AF8CCB700C2F35E /* NSButton+Addation.m */; };
		F8DE8EB21AF8CCB800C2F35E /* NSColor+AMC.m in Sources */ = {isa = PBXBuildFile; fileRef = F8DE8EB01AF8CCB700C2F35E /* NSColor+AMC.m */; };
		F8DF11751AEDF33E00521661 /* FBEncryptorAES.m in Sources */ = {isa = PBXBuildFile; fileRef = F8DF11721AEDF33E00521661 /* FBEncryptorAES.m */; };
		F8DF11761AEDF33E00521661 /* NSData+Base64.m in Sources */ = {isa = PBXBuildFile; fileRef = F8DF11741AEDF33E00521661 /* NSData+Base64.m */; };
		F8E27D801ACAA61700E09026 /* SXTitleBar.m in Sources */ = {isa = PBXBuildFile; fileRef = F8E27D7F1ACAA61700E09026 /* SXTitleBar.m */; };
		F8E395861AF7697D007B089D /* DuplicatesWindowController.m in Sources */ = {isa = PBXBuildFile; fileRef = F8E395841AF7697D007B089D /* DuplicatesWindowController.m */; };
		F8E395871AF7697D007B089D /* DuplicatesWindowController.xib in Resources */ = {isa = PBXBuildFile; fileRef = F8E395851AF7697D007B089D /* DuplicatesWindowController.xib */; };
		F8E840C41AC13F2C001CCB5B /* AppDelegate.m in Sources */ = {isa = PBXBuildFile; fileRef = F8E840C31AC13F2C001CCB5B /* AppDelegate.m */; };
		F8E840C61AC13F2C001CCB5B /* main.m in Sources */ = {isa = PBXBuildFile; fileRef = F8E840C51AC13F2C001CCB5B /* main.m */; };
		F8E840C81AC13F2C001CCB5B /* Images.xcassets in Resources */ = {isa = PBXBuildFile; fileRef = F8E840C71AC13F2C001CCB5B /* Images.xcassets */; };
		F8E840CB1AC13F2C001CCB5B /* MainMenu.xib in Resources */ = {isa = PBXBuildFile; fileRef = F8E840C91AC13F2C001CCB5B /* MainMenu.xib */; };
		F8E840D71AC13F2C001CCB5B /* SpiderLargeTests.m in Sources */ = {isa = PBXBuildFile; fileRef = F8E840D61AC13F2C001CCB5B /* SpiderLargeTests.m */; };
		F8E840E21AC15680001CCB5B /* FileScanner.m in Sources */ = {isa = PBXBuildFile; fileRef = F8E840E11AC15680001CCB5B /* FileScanner.m */; };
		F8E840E51AC15880001CCB5B /* ScanObj.m in Sources */ = {isa = PBXBuildFile; fileRef = F8E840E41AC15880001CCB5B /* ScanObj.m */; };
		F8E8A56B1ADFA14700646C10 /* CommonFunction.m in Sources */ = {isa = PBXBuildFile; fileRef = F8E8A56A1ADFA14700646C10 /* CommonFunction.m */; };
		F8E8D2011AC297B300259CDC /* SLAlertView.m in Sources */ = {isa = PBXBuildFile; fileRef = F8E8D2001AC297B300259CDC /* SLAlertView.m */; };
		F8E8D2051AC2A3A400259CDC /* HomeViewController.m in Sources */ = {isa = PBXBuildFile; fileRef = F8E8D2031AC2A3A400259CDC /* HomeViewController.m */; };
		F8E8D2061AC2A3A400259CDC /* HomeViewController.xib in Resources */ = {isa = PBXBuildFile; fileRef = F8E8D2041AC2A3A400259CDC /* HomeViewController.xib */; };
		F8E9B6FC1ACBC79D008368B0 /* button_cl.png in Resources */ = {isa = PBXBuildFile; fileRef = F8E9B6FB1ACBC79D008368B0 /* button_cl.png */; };
		F8E9B7001ACBE8B2008368B0 /* UIView.m in Sources */ = {isa = PBXBuildFile; fileRef = F8E9B6FF1ACBE8B2008368B0 /* UIView.m */; };
		F8EA57E11AEF5B33000D0966 /* icon.icns in Resources */ = {isa = PBXBuildFile; fileRef = F8EA57DF1AEF5B33000D0966 /* icon.icns */; };
		F8EA57E21AEF5B33000D0966 /* icon@2x.icns in Resources */ = {isa = PBXBuildFile; fileRef = F8EA57E01AEF5B33000D0966 /* icon@2x.icns */; };
		F8EB86D71AE89AAC0002EC13 /* Criterion.m in Sources */ = {isa = PBXBuildFile; fileRef = F8EB86D61AE89AAC0002EC13 /* Criterion.m */; };
/* End PBXBuildFile section */

/* Begin PBXContainerItemProxy section */
		F8E840D11AC13F2C001CCB5B /* PBXContainerItemProxy */ = {
			isa = PBXContainerItemProxy;
			containerPortal = F8E840B51AC13F2C001CCB5B /* Project object */;
			proxyType = 1;
			remoteGlobalIDString = F8E840BC1AC13F2C001CCB5B;
			remoteInfo = SpiderLarge;
		};
/* End PBXContainerItemProxy section */

/* Begin PBXFileReference section */
		F80A43E91AF9AF8100CF09EE /* button_unlock.png */ = {isa = PBXFileReference; lastKnownFileType = image.png; path = button_unlock.png; sourceTree = "<group>"; };
		F80A43EB1AF9B51C00CF09EE /* button_cl_b.png */ = {isa = PBXFileReference; lastKnownFileType = image.png; path = button_cl_b.png; sourceTree = "<group>"; };
		F80FC3341AC5243200B21126 /* DragView.h */ = {isa = PBXFileReference; fileEncoding = 4; lastKnownFileType = sourcecode.c.h; name = DragView.h; path = SpiderLarge/DragView.h; sourceTree = "<group>"; };
		F80FC3351AC5243200B21126 /* DragView.m */ = {isa = PBXFileReference; fileEncoding = 4; lastKnownFileType = sourcecode.c.objc; name = DragView.m; path = SpiderLarge/DragView.m; sourceTree = "<group>"; };
		F80FC3371AC5426A00B21126 /* ResultDetaiViewController.h */ = {isa = PBXFileReference; fileEncoding = 4; lastKnownFileType = sourcecode.c.h; name = ResultDetaiViewController.h; path = SpiderLarge/ResultDetaiViewController.h; sourceTree = "<group>"; };
		F80FC3381AC5426A00B21126 /* ResultDetaiViewController.m */ = {isa = PBXFileReference; fileEncoding = 4; lastKnownFileType = sourcecode.c.objc; name = ResultDetaiViewController.m; path = SpiderLarge/ResultDetaiViewController.m; sourceTree = "<group>"; };
		F80FC3391AC5426A00B21126 /* ResultDetaiViewController.xib */ = {isa = PBXFileReference; fileEncoding = 4; lastKnownFileType = file.xib; name = ResultDetaiViewController.xib; path = SpiderLarge/ResultDetaiViewController.xib; sourceTree = "<group>"; };
		F8BC61311AEE3620009BD309 /* StoreKit.framework */ = {isa = PBXFileReference; lastKnownFileType = wrapper.framework; name = StoreKit.framework; path = System/Library/Frameworks/StoreKit.framework; sourceTree = SDKROOT; };
		F8DE642F1ADCEC7800B4A66D /* Quartz.framework */ = {isa = PBXFileReference; lastKnownFileType = wrapper.framework; name = Quartz.framework; path = System/Library/Frameworks/Quartz.framework; sourceTree = SDKROOT; };
		F8DE8EAA1AF8CC7600C2F35E /* AMCStrechableButton.h */ = {isa = PBXFileReference; fileEncoding = 4; lastKnownFileType = sourcecode.c.h; name = AMCStrechableButton.h; path = SpiderLarge/AMCStrechableButton.h; sourceTree = SOURCE_ROOT; };
		F8DE8EAB1AF8CC7600C2F35E /* AMCStrechableButton.m */ = {isa = PBXFileReference; fileEncoding = 4; lastKnownFileType = sourcecode.c.objc; name = AMCStrechableButton.m; path = SpiderLarge/AMCStrechableButton.m; sourceTree = SOURCE_ROOT; };
		F8DE8EAD1AF8CCB700C2F35E /* NSButton+Addation.h */ = {isa = PBXFileReference; fileEncoding = 4; lastKnownFileType = sourcecode.c.h; name = "NSButton+Addation.h"; path = "SpiderLarge/NSButton+Addation.h"; sourceTree = SOURCE_ROOT; };
		F8DE8EAE1AF8CCB700C2F35E /* NSButton+Addation.m */ = {isa = PBXFileReference; fileEncoding = 4; lastKnownFileType = sourcecode.c.objc; name = "NSButton+Addation.m"; path = "SpiderLarge/NSButton+Addation.m"; sourceTree = SOURCE_ROOT; };
		F8DE8EAF1AF8CCB700C2F35E /* NSColor+AMC.h */ = {isa = PBXFileReference; fileEncoding = 4; lastKnownFileType = sourcecode.c.h; name = "NSColor+AMC.h"; path = "SpiderLarge/NSColor+AMC.h"; sourceTree = SOURCE_ROOT; };
		F8DE8EB01AF8CCB700C2F35E /* NSColor+AMC.m */ = {isa = PBXFileReference; fileEncoding = 4; lastKnownFileType = sourcecode.c.objc; name = "NSColor+AMC.m"; path = "SpiderLarge/NSColor+AMC.m"; sourceTree = SOURCE_ROOT; };
		F8DF11711AEDF33E00521661 /* FBEncryptorAES.h */ = {isa = PBXFileReference; fileEncoding = 4; lastKnownFileType = sourcecode.c.h; path = FBEncryptorAES.h; sourceTree = "<group>"; };
		F8DF11721AEDF33E00521661 /* FBEncryptorAES.m */ = {isa = PBXFileReference; fileEncoding = 4; lastKnownFileType = sourcecode.c.objc; path = FBEncryptorAES.m; sourceTree = "<group>"; };
		F8DF11731AEDF33E00521661 /* NSData+Base64.h */ = {isa = PBXFileReference; fileEncoding = 4; lastKnownFileType = sourcecode.c.h; path = "NSData+Base64.h"; sourceTree = "<group>"; };
		F8DF11741AEDF33E00521661 /* NSData+Base64.m */ = {isa = PBXFileReference; fileEncoding = 4; lastKnownFileType = sourcecode.c.objc; path = "NSData+Base64.m"; sourceTree = "<group>"; };
		F8E27D7E1ACAA61700E09026 /* SXTitleBar.h */ = {isa = PBXFileReference; fileEncoding = 4; lastKnownFileType = sourcecode.c.h; name = SXTitleBar.h; path = SpiderLarge/SXTitleBar.h; sourceTree = "<group>"; };
		F8E27D7F1ACAA61700E09026 /* SXTitleBar.m */ = {isa = PBXFileReference; fileEncoding = 4; lastKnownFileType = sourcecode.c.objc; name = SXTitleBar.m; path = SpiderLarge/SXTitleBar.m; sourceTree = "<group>"; };
		F8E395831AF7697D007B089D /* DuplicatesWindowController.h */ = {isa = PBXFileReference; fileEncoding = 4; lastKnownFileType = sourcecode.c.h; name = DuplicatesWindowController.h; path = SpiderLarge/DuplicatesWindowController.h; sourceTree = "<group>"; };
		F8E395841AF7697D007B089D /* DuplicatesWindowController.m */ = {isa = PBXFileReference; fileEncoding = 4; lastKnownFileType = sourcecode.c.objc; name = DuplicatesWindowController.m; path = SpiderLarge/DuplicatesWindowController.m; sourceTree = "<group>"; };
		F8E395851AF7697D007B089D /* DuplicatesWindowController.xib */ = {isa = PBXFileReference; fileEncoding = 4; lastKnownFileType = file.xib; name = DuplicatesWindowController.xib; path = SpiderLarge/DuplicatesWindowController.xib; sourceTree = "<group>"; };
		F8E840BD1AC13F2C001CCB5B /* SpiderLarge.app */ = {isa = PBXFileReference; explicitFileType = wrapper.application; includeInIndex = 0; path = SpiderLarge.app; sourceTree = BUILT_PRODUCTS_DIR; };
		F8E840C11AC13F2C001CCB5B /* Info.plist */ = {isa = PBXFileReference; lastKnownFileType = text.plist.xml; path = Info.plist; sourceTree = "<group>"; };
		F8E840C21AC13F2C001CCB5B /* AppDelegate.h */ = {isa = PBXFileReference; lastKnownFileType = sourcecode.c.h; path = AppDelegate.h; sourceTree = "<group>"; };
		F8E840C31AC13F2C001CCB5B /* AppDelegate.m */ = {isa = PBXFileReference; lastKnownFileType = sourcecode.c.objc; path = AppDelegate.m; sourceTree = "<group>"; };
		F8E840C51AC13F2C001CCB5B /* main.m */ = {isa = PBXFileReference; lastKnownFileType = sourcecode.c.objc; path = main.m; sourceTree = "<group>"; };
		F8E840C71AC13F2C001CCB5B /* Images.xcassets */ = {isa = PBXFileReference; lastKnownFileType = folder.assetcatalog; path = Images.xcassets; sourceTree = "<group>"; };
		F8E840CA1AC13F2C001CCB5B /* Base */ = {isa = PBXFileReference; lastKnownFileType = file.xib; name = Base; path = Base.lproj/MainMenu.xib; sourceTree = "<group>"; };
		F8E840D01AC13F2C001CCB5B /* SpiderLargeTests.xctest */ = {isa = PBXFileReference; explicitFileType = wrapper.cfbundle; includeInIndex = 0; path = SpiderLargeTests.xctest; sourceTree = BUILT_PRODUCTS_DIR; };
		F8E840D51AC13F2C001CCB5B /* Info.plist */ = {isa = PBXFileReference; lastKnownFileType = text.plist.xml; path = Info.plist; sourceTree = "<group>"; };
		F8E840D61AC13F2C001CCB5B /* SpiderLargeTests.m */ = {isa = PBXFileReference; lastKnownFileType = sourcecode.c.objc; path = SpiderLargeTests.m; sourceTree = "<group>"; };
		F8E840E01AC15680001CCB5B /* FileScanner.h */ = {isa = PBXFileReference; fileEncoding = 4; lastKnownFileType = sourcecode.c.h; path = FileScanner.h; sourceTree = "<group>"; };
		F8E840E11AC15680001CCB5B /* FileScanner.m */ = {isa = PBXFileReference; fileEncoding = 4; lastKnownFileType = sourcecode.c.objc; path = FileScanner.m; sourceTree = "<group>"; };
		F8E840E31AC15880001CCB5B /* ScanObj.h */ = {isa = PBXFileReference; fileEncoding = 4; lastKnownFileType = sourcecode.c.h; path = ScanObj.h; sourceTree = "<group>"; };
		F8E840E41AC15880001CCB5B /* ScanObj.m */ = {isa = PBXFileReference; fileEncoding = 4; lastKnownFileType = sourcecode.c.objc; path = ScanObj.m; sourceTree = "<group>"; };
		F8E8A5691ADFA14700646C10 /* CommonFunction.h */ = {isa = PBXFileReference; fileEncoding = 4; lastKnownFileType = sourcecode.c.h; path = CommonFunction.h; sourceTree = "<group>"; };
		F8E8A56A1ADFA14700646C10 /* CommonFunction.m */ = {isa = PBXFileReference; fileEncoding = 4; lastKnownFileType = sourcecode.c.objc; path = CommonFunction.m; sourceTree = "<group>"; };
		F8E8D1FF1AC297B300259CDC /* SLAlertView.h */ = {isa = PBXFileReference; fileEncoding = 4; lastKnownFileType = sourcecode.c.h; path = SLAlertView.h; sourceTree = "<group>"; };
		F8E8D2001AC297B300259CDC /* SLAlertView.m */ = {isa = PBXFileReference; fileEncoding = 4; lastKnownFileType = sourcecode.c.objc; path = SLAlertView.m; sourceTree = "<group>"; };
		F8E8D2021AC2A3A400259CDC /* HomeViewController.h */ = {isa = PBXFileReference; fileEncoding = 4; lastKnownFileType = sourcecode.c.h; path = HomeViewController.h; sourceTree = "<group>"; };
		F8E8D2031AC2A3A400259CDC /* HomeViewController.m */ = {isa = PBXFileReference; fileEncoding = 4; lastKnownFileType = sourcecode.c.objc; path = HomeViewController.m; sourceTree = "<group>"; };
		F8E8D2041AC2A3A400259CDC /* HomeViewController.xib */ = {isa = PBXFileReference; fileEncoding = 4; lastKnownFileType = file.xib; path = HomeViewController.xib; sourceTree = "<group>"; };
		F8E9B6FB1ACBC79D008368B0 /* button_cl.png */ = {isa = PBXFileReference; lastKnownFileType = image.png; path = button_cl.png; sourceTree = "<group>"; };
		F8E9B6FD1ACBCDFF008368B0 /* common.h */ = {isa = PBXFileReference; fileEncoding = 4; lastKnownFileType = sourcecode.c.h; name = common.h; path = ../Resource/common.h; sourceTree = "<group>"; };
		F8E9B6FE1ACBE8B2008368B0 /* UIView.h */ = {isa = PBXFileReference; fileEncoding = 4; lastKnownFileType = sourcecode.c.h; name = UIView.h; path = SpiderLarge/UIView.h; sourceTree = SOURCE_ROOT; };
		F8E9B6FF1ACBE8B2008368B0 /* UIView.m */ = {isa = PBXFileReference; fileEncoding = 4; lastKnownFileType = sourcecode.c.objc; name = UIView.m; path = SpiderLarge/UIView.m; sourceTree = SOURCE_ROOT; };
		F8EA57DF1AEF5B33000D0966 /* icon.icns */ = {isa = PBXFileReference; lastKnownFileType = image.icns; path = icon.icns; sourceTree = "<group>"; };
		F8EA57E01AEF5B33000D0966 /* icon@2x.icns */ = {isa = PBXFileReference; lastKnownFileType = image.icns; path = "icon@2x.icns"; sourceTree = "<group>"; };
		F8EA57E31AEF5D8D000D0966 /* SpiderLarge.entitlements */ = {isa = PBXFileReference; lastKnownFileType = text.xml; path = SpiderLarge.entitlements; sourceTree = "<group>"; };
		F8EB86D51AE89AAC0002EC13 /* Criterion.h */ = {isa = PBXFileReference; fileEncoding = 4; lastKnownFileType = sourcecode.c.h; path = Criterion.h; sourceTree = "<group>"; };
		F8EB86D61AE89AAC0002EC13 /* Criterion.m */ = {isa = PBXFileReference; fileEncoding = 4; lastKnownFileType = sourcecode.c.objc; path = Criterion.m; sourceTree = "<group>"; };
/* End PBXFileReference section */

/* Begin PBXFrameworksBuildPhase section */
		F8E840BA1AC13F2C001CCB5B /* Frameworks */ = {
			isa = PBXFrameworksBuildPhase;
			buildActionMask = 2147483647;
			files = (
				F8DE64301ADCEC7800B4A66D /* Quartz.framework in Frameworks */,
				F8BC61321AEE3620009BD309 /* StoreKit.framework in Frameworks */,
			);
			runOnlyForDeploymentPostprocessing = 0;
		};
		F8E840CD1AC13F2C001CCB5B /* Frameworks */ = {
			isa = PBXFrameworksBuildPhase;
			buildActionMask = 2147483647;
			files = (
			);
			runOnlyForDeploymentPostprocessing = 0;
		};
/* End PBXFrameworksBuildPhase section */

/* Begin PBXGroup section */
		F8DF11701AEDF33E00521661 /* Encryption */ = {
			isa = PBXGroup;
			children = (
				F8DF11711AEDF33E00521661 /* FBEncryptorAES.h */,
				F8DF11721AEDF33E00521661 /* FBEncryptorAES.m */,
				F8DF11731AEDF33E00521661 /* NSData+Base64.h */,
				F8DF11741AEDF33E00521661 /* NSData+Base64.m */,
			);
			path = Encryption;
			sourceTree = "<group>";
		};
		F8E840B41AC13F2C001CCB5B = {
			isa = PBXGroup;
			children = (
				F8BC61311AEE3620009BD309 /* StoreKit.framework */,
				F8DE642F1ADCEC7800B4A66D /* Quartz.framework */,
				F8E9B6FA1ACBC79D008368B0 /* Resource */,
				F8E27D7E1ACAA61700E09026 /* SXTitleBar.h */,
				F8E27D7F1ACAA61700E09026 /* SXTitleBar.m */,
				F80FC3371AC5426A00B21126 /* ResultDetaiViewController.h */,
				F80FC3381AC5426A00B21126 /* ResultDetaiViewController.m */,
				F80FC3391AC5426A00B21126 /* ResultDetaiViewController.xib */,
				F80FC3341AC5243200B21126 /* DragView.h */,
				F80FC3351AC5243200B21126 /* DragView.m */,
				F8E395831AF7697D007B089D /* DuplicatesWindowController.h */,
				F8E395841AF7697D007B089D /* DuplicatesWindowController.m */,
				F8E395851AF7697D007B089D /* DuplicatesWindowController.xib */,
				F8E840BF1AC13F2C001CCB5B /* SpiderLarge */,
				F8E840D31AC13F2C001CCB5B /* SpiderLargeTests */,
				F8E840BE1AC13F2C001CCB5B /* Products */,
			);
			sourceTree = "<group>";
		};
		F8E840BE1AC13F2C001CCB5B /* Products */ = {
			isa = PBXGroup;
			children = (
				F8E840BD1AC13F2C001CCB5B /* SpiderLarge.app */,
				F8E840D01AC13F2C001CCB5B /* SpiderLargeTests.xctest */,
			);
			name = Products;
			sourceTree = "<group>";
		};
		F8E840BF1AC13F2C001CCB5B /* SpiderLarge */ = {
			isa = PBXGroup;
			children = (
				F8EA57E31AEF5D8D000D0966 /* SpiderLarge.entitlements */,
				F8DF11701AEDF33E00521661 /* Encryption */,
				F8E840C21AC13F2C001CCB5B /* AppDelegate.h */,
				F8E840C31AC13F2C001CCB5B /* AppDelegate.m */,
				F8E840C71AC13F2C001CCB5B /* Images.xcassets */,
				F8E840C91AC13F2C001CCB5B /* MainMenu.xib */,
				F8E840C01AC13F2C001CCB5B /* Supporting Files */,
				F8E840E01AC15680001CCB5B /* FileScanner.h */,
				F8E840E11AC15680001CCB5B /* FileScanner.m */,
				F8E840E31AC15880001CCB5B /* ScanObj.h */,
				F8E840E41AC15880001CCB5B /* ScanObj.m */,
				F8E8D1FF1AC297B300259CDC /* SLAlertView.h */,
				F8E8D2001AC297B300259CDC /* SLAlertView.m */,
				F8E8D2021AC2A3A400259CDC /* HomeViewController.h */,
				F8E8D2031AC2A3A400259CDC /* HomeViewController.m */,
				F8E8D2041AC2A3A400259CDC /* HomeViewController.xib */,
			);
			path = SpiderLarge;
			sourceTree = "<group>";
		};
		F8E840C01AC13F2C001CCB5B /* Supporting Files */ = {
			isa = PBXGroup;
			children = (
				F8E9B6FD1ACBCDFF008368B0 /* common.h */,
				F8E840C11AC13F2C001CCB5B /* Info.plist */,
				F8E840C51AC13F2C001CCB5B /* main.m */,
			);
			name = "Supporting Files";
			sourceTree = "<group>";
		};
		F8E840D31AC13F2C001CCB5B /* SpiderLargeTests */ = {
			isa = PBXGroup;
			children = (
				F8E840D61AC13F2C001CCB5B /* SpiderLargeTests.m */,
				F8E840D41AC13F2C001CCB5B /* Supporting Files */,
			);
			path = SpiderLargeTests;
			sourceTree = "<group>";
		};
		F8E840D41AC13F2C001CCB5B /* Supporting Files */ = {
			isa = PBXGroup;
			children = (
				F8E840D51AC13F2C001CCB5B /* Info.plist */,
			);
			name = "Supporting Files";
			sourceTree = "<group>";
		};
		F8E9B6FA1ACBC79D008368B0 /* Resource */ = {
			isa = PBXGroup;
			children = (
				F80A43EB1AF9B51C00CF09EE /* button_cl_b.png */,
				F80A43E91AF9AF8100CF09EE /* button_unlock.png */,
				F8DE8EAD1AF8CCB700C2F35E /* NSButton+Addation.h */,
				F8DE8EAE1AF8CCB700C2F35E /* NSButton+Addation.m */,
				F8DE8EAF1AF8CCB700C2F35E /* NSColor+AMC.h */,
				F8DE8EB01AF8CCB700C2F35E /* NSColor+AMC.m */,
				F8DE8EAA1AF8CC7600C2F35E /* AMCStrechableButton.h */,
				F8DE8EAB1AF8CC7600C2F35E /* AMCStrechableButton.m */,
				F8EA57DF1AEF5B33000D0966 /* icon.icns */,
				F8EA57E01AEF5B33000D0966 /* icon@2x.icns */,
				F8E9B6FB1ACBC79D008368B0 /* button_cl.png */,
				F8E9B6FE1ACBE8B2008368B0 /* UIView.h */,
				F8E9B6FF1ACBE8B2008368B0 /* UIView.m */,
				F8E8A5691ADFA14700646C10 /* CommonFunction.h */,
				F8E8A56A1ADFA14700646C10 /* CommonFunction.m */,
				F8EB86D51AE89AAC0002EC13 /* Criterion.h */,
				F8EB86D61AE89AAC0002EC13 /* Criterion.m */,
			);
			path = Resource;
			sourceTree = "<group>";
		};
/* End PBXGroup section */

/* Begin PBXNativeTarget section */
		F8E840BC1AC13F2C001CCB5B /* SpiderLarge */ = {
			isa = PBXNativeTarget;
			buildConfigurationList = F8E840DA1AC13F2C001CCB5B /* Build configuration list for PBXNativeTarget "SpiderLarge" */;
			buildPhases = (
				F8E840B91AC13F2C001CCB5B /* Sources */,
				F8E840BA1AC13F2C001CCB5B /* Frameworks */,
				F8E840BB1AC13F2C001CCB5B /* Resources */,
			);
			buildRules = (
			);
			dependencies = (
			);
			name = SpiderLarge;
			productName = SpiderLarge;
			productReference = F8E840BD1AC13F2C001CCB5B /* SpiderLarge.app */;
			productType = "com.apple.product-type.application";
		};
		F8E840CF1AC13F2C001CCB5B /* SpiderLargeTests */ = {
			isa = PBXNativeTarget;
			buildConfigurationList = F8E840DD1AC13F2C001CCB5B /* Build configuration list for PBXNativeTarget "SpiderLargeTests" */;
			buildPhases = (
				F8E840CC1AC13F2C001CCB5B /* Sources */,
				F8E840CD1AC13F2C001CCB5B /* Frameworks */,
				F8E840CE1AC13F2C001CCB5B /* Resources */,
			);
			buildRules = (
			);
			dependencies = (
				F8E840D21AC13F2C001CCB5B /* PBXTargetDependency */,
			);
			name = SpiderLargeTests;
			productName = SpiderLargeTests;
			productReference = F8E840D01AC13F2C001CCB5B /* SpiderLargeTests.xctest */;
			productType = "com.apple.product-type.bundle.unit-test";
		};
/* End PBXNativeTarget section */

/* Begin PBXProject section */
		F8E840B51AC13F2C001CCB5B /* Project object */ = {
			isa = PBXProject;
			attributes = {
				LastUpgradeCheck = 0610;
				ORGANIZATIONNAME = sexylin;
				TargetAttributes = {
					F8E840BC1AC13F2C001CCB5B = {
						CreatedOnToolsVersion = 6.1.1;
						DevelopmentTeam = J59ZUY3B3P;
						SystemCapabilities = {
							com.apple.InAppPurchase = {
								enabled = 1;
							};
							com.apple.Sandbox = {
								enabled = 1;
							};
						};
					};
					F8E840CF1AC13F2C001CCB5B = {
						CreatedOnToolsVersion = 6.1.1;
						DevelopmentTeam = J59ZUY3B3P;
						TestTargetID = F8E840BC1AC13F2C001CCB5B;
					};
				};
			};
			buildConfigurationList = F8E840B81AC13F2C001CCB5B /* Build configuration list for PBXProject "SpiderLarge" */;
			compatibilityVersion = "Xcode 3.2";
			developmentRegion = English;
			hasScannedForEncodings = 0;
			knownRegions = (
				en,
				Base,
			);
			mainGroup = F8E840B41AC13F2C001CCB5B;
			productRefGroup = F8E840BE1AC13F2C001CCB5B /* Products */;
			projectDirPath = "";
			projectRoot = "";
			targets = (
				F8E840BC1AC13F2C001CCB5B /* SpiderLarge */,
				F8E840CF1AC13F2C001CCB5B /* SpiderLargeTests */,
			);
		};
/* End PBXProject section */

/* Begin PBXResourcesBuildPhase section */
		F8E840BB1AC13F2C001CCB5B /* Resources */ = {
			isa = PBXResourcesBuildPhase;
			buildActionMask = 2147483647;
			files = (
				F8E840C81AC13F2C001CCB5B /* Images.xcassets in Resources */,
				F8E395871AF7697D007B089D /* DuplicatesWindowController.xib in Resources */,
				F8EA57E21AEF5B33000D0966 /* icon@2x.icns in Resources */,
				F80A43EC1AF9B51C00CF09EE /* button_cl_b.png in Resources */,
				F80A43EA1AF9AF8100CF09EE /* button_unlock.png in Resources */,
				F8E9B6FC1ACBC79D008368B0 /* button_cl.png in Resources */,
				F8E840CB1AC13F2C001CCB5B /* MainMenu.xib in Resources */,
				F8E8D2061AC2A3A400259CDC /* HomeViewController.xib in Resources */,
				F80FC33B1AC5426A00B21126 /* ResultDetaiViewController.xib in Resources */,
				F8EA57E11AEF5B33000D0966 /* icon.icns in Resources */,
			);
			runOnlyForDeploymentPostprocessing = 0;
		};
		F8E840CE1AC13F2C001CCB5B /* Resources */ = {
			isa = PBXResourcesBuildPhase;
			buildActionMask = 2147483647;
			files = (
			);
			runOnlyForDeploymentPostprocessing = 0;
		};
/* End PBXResourcesBuildPhase section */

/* Begin PBXSourcesBuildPhase section */
		F8E840B91AC13F2C001CCB5B /* Sources */ = {
			isa = PBXSourcesBuildPhase;
			buildActionMask = 2147483647;
			files = (
				F8E840E51AC15880001CCB5B /* ScanObj.m in Sources */,
				F8E840C61AC13F2C001CCB5B /* main.m in Sources */,
				F8E8D2011AC297B300259CDC /* SLAlertView.m in Sources */,
				F8DF11761AEDF33E00521661 /* NSData+Base64.m in Sources */,
				F8DE8EB21AF8CCB800C2F35E /* NSColor+AMC.m in Sources */,
				F80FC33A1AC5426A00B21126 /* ResultDetaiViewController.m in Sources */,
				F8E9B7001ACBE8B2008368B0 /* UIView.m in Sources */,
				F80FC3361AC5243200B21126 /* DragView.m in Sources */,
				F8E8A56B1ADFA14700646C10 /* CommonFunction.m in Sources */,
				F8DF11751AEDF33E00521661 /* FBEncryptorAES.m in Sources */,
				F8E840C41AC13F2C001CCB5B /* AppDelegate.m in Sources */,
				F8DE8EAC1AF8CC7600C2F35E /* AMCStrechableButton.m in Sources */,
				F8DE8EB11AF8CCB800C2F35E /* NSButton+Addation.m in Sources */,
				F8E840E21AC15680001CCB5B /* FileScanner.m in Sources */,
				F8EB86D71AE89AAC0002EC13 /* Criterion.m in Sources */,
				F8E395861AF7697D007B089D /* DuplicatesWindowController.m in Sources */,
				F8E8D2051AC2A3A400259CDC /* HomeViewController.m in Sources */,
				F8E27D801ACAA61700E09026 /* SXTitleBar.m in Sources */,
			);
			runOnlyForDeploymentPostprocessing = 0;
		};
		F8E840CC1AC13F2C001CCB5B /* Sources */ = {
			isa = PBXSourcesBuildPhase;
			buildActionMask = 2147483647;
			files = (
				F8E840D71AC13F2C001CCB5B /* SpiderLargeTests.m in Sources */,
			);
			runOnlyForDeploymentPostprocessing = 0;
		};
/* End PBXSourcesBuildPhase section */

/* Begin PBXTargetDependency section */
		F8E840D21AC13F2C001CCB5B /* PBXTargetDependency */ = {
			isa = PBXTargetDependency;
			target = F8E840BC1AC13F2C001CCB5B /* SpiderLarge */;
			targetProxy = F8E840D11AC13F2C001CCB5B /* PBXContainerItemProxy */;
		};
/* End PBXTargetDependency section */

/* Begin PBXVariantGroup section */
		F8E840C91AC13F2C001CCB5B /* MainMenu.xib */ = {
			isa = PBXVariantGroup;
			children = (
				F8E840CA1AC13F2C001CCB5B /* Base */,
			);
			name = MainMenu.xib;
			sourceTree = "<group>";
		};
/* End PBXVariantGroup section */

/* Begin XCBuildConfiguration section */
		F8E840D81AC13F2C001CCB5B /* Debug */ = {
			isa = XCBuildConfiguration;
			buildSettings = {
				ALWAYS_SEARCH_USER_PATHS = NO;
				CLANG_CXX_LANGUAGE_STANDARD = "gnu++0x";
				CLANG_CXX_LIBRARY = "libc++";
				CLANG_ENABLE_MODULES = YES;
				CLANG_ENABLE_OBJC_ARC = NO;
				CLANG_WARN_BOOL_CONVERSION = YES;
				CLANG_WARN_CONSTANT_CONVERSION = YES;
				CLANG_WARN_DIRECT_OBJC_ISA_USAGE = YES_ERROR;
				CLANG_WARN_EMPTY_BODY = YES;
				CLANG_WARN_ENUM_CONVERSION = YES;
				CLANG_WARN_INT_CONVERSION = YES;
				CLANG_WARN_OBJC_ROOT_CLASS = YES_ERROR;
				CLANG_WARN_UNREACHABLE_CODE = YES;
				CLANG_WARN__DUPLICATE_METHOD_MATCH = YES;
				CODE_SIGN_IDENTITY = "Mac Developer: LiHua Wang (6FZFXGXC4Q)";
				"CODE_SIGN_IDENTITY[sdk=*]" = "Mac Developer: LiHua Wang (6FZFXGXC4Q)";
				COPY_PHASE_STRIP = NO;
				ENABLE_STRICT_OBJC_MSGSEND = YES;
				GCC_C_LANGUAGE_STANDARD = gnu99;
				GCC_DYNAMIC_NO_PIC = NO;
				GCC_OPTIMIZATION_LEVEL = 0;
				GCC_PREPROCESSOR_DEFINITIONS = (
					"DEBUG=1",
					"$(inherited)",
				);
				GCC_SYMBOLS_PRIVATE_EXTERN = NO;
				GCC_WARN_64_TO_32_BIT_CONVERSION = YES;
				GCC_WARN_ABOUT_RETURN_TYPE = YES_ERROR;
				GCC_WARN_UNDECLARED_SELECTOR = YES;
				GCC_WARN_UNINITIALIZED_AUTOS = YES_AGGRESSIVE;
				GCC_WARN_UNUSED_FUNCTION = YES;
				GCC_WARN_UNUSED_VARIABLE = YES;
				MACOSX_DEPLOYMENT_TARGET = 10.9;
				MTL_ENABLE_DEBUG_INFO = YES;
				ONLY_ACTIVE_ARCH = YES;
				PROVISIONING_PROFILE = "a98a0553-8319-49e1-952c-6f88252fbaa1";
				SDKROOT = macosx;
			};
			name = Debug;
		};
		F8E840D91AC13F2C001CCB5B /* Release */ = {
			isa = XCBuildConfiguration;
			buildSettings = {
				ALWAYS_SEARCH_USER_PATHS = NO;
				CLANG_CXX_LANGUAGE_STANDARD = "gnu++0x";
				CLANG_CXX_LIBRARY = "libc++";
				CLANG_ENABLE_MODULES = YES;
				CLANG_ENABLE_OBJC_ARC = NO;
				CLANG_WARN_BOOL_CONVERSION = YES;
				CLANG_WARN_CONSTANT_CONVERSION = YES;
				CLANG_WARN_DIRECT_OBJC_ISA_USAGE = YES_ERROR;
				CLANG_WARN_EMPTY_BODY = YES;
				CLANG_WARN_ENUM_CONVERSION = YES;
				CLANG_WARN_INT_CONVERSION = YES;
				CLANG_WARN_OBJC_ROOT_CLASS = YES_ERROR;
				CLANG_WARN_UNREACHABLE_CODE = YES;
				CLANG_WARN__DUPLICATE_METHOD_MATCH = YES;
				CODE_SIGN_IDENTITY = "Mac Developer: LiHua Wang (6FZFXGXC4Q)";
				"CODE_SIGN_IDENTITY[sdk=*]" = "Mac Developer: LiHua Wang (6FZFXGXC4Q)";
				COPY_PHASE_STRIP = YES;
				DEBUG_INFORMATION_FORMAT = "dwarf-with-dsym";
				ENABLE_NS_ASSERTIONS = NO;
				ENABLE_STRICT_OBJC_MSGSEND = YES;
				GCC_C_LANGUAGE_STANDARD = gnu99;
				GCC_WARN_64_TO_32_BIT_CONVERSION = YES;
				GCC_WARN_ABOUT_RETURN_TYPE = YES_ERROR;
				GCC_WARN_UNDECLARED_SELECTOR = YES;
				GCC_WARN_UNINITIALIZED_AUTOS = YES_AGGRESSIVE;
				GCC_WARN_UNUSED_FUNCTION = YES;
				GCC_WARN_UNUSED_VARIABLE = YES;
				MACOSX_DEPLOYMENT_TARGET = 10.9;
				MTL_ENABLE_DEBUG_INFO = NO;
				PROVISIONING_PROFILE = "a98a0553-8319-49e1-952c-6f88252fbaa1";
				SDKROOT = macosx;
			};
			name = Release;
		};
		F8E840DB1AC13F2C001CCB5B /* Debug */ = {
			isa = XCBuildConfiguration;
			buildSettings = {
				ASSETCATALOG_COMPILER_APPICON_NAME = AppIcon;
				CODE_SIGN_ENTITLEMENTS = SpiderLarge/SpiderLarge.entitlements;
				CODE_SIGN_IDENTITY = "Mac Developer";
				"CODE_SIGN_IDENTITY[sdk=*]" = "";
				"CODE_SIGN_IDENTITY[sdk=macosx*]" = "Mac Developer";
				COMBINE_HIDPI_IMAGES = YES;
				INFOPLIST_FILE = SpiderLarge/Info.plist;
				LD_RUNPATH_SEARCH_PATHS = "$(inherited) @executable_path/../Frameworks";
				LIBRARY_SEARCH_PATHS = (
					"$(inherited)",
					"$(SDKROOT)/usr/lib/system",
				);
				PRODUCT_NAME = "$(TARGET_NAME)";
				PROVISIONING_PROFILE = "";
			};
			name = Debug;
		};
		F8E840DC1AC13F2C001CCB5B /* Release */ = {
			isa = XCBuildConfiguration;
			buildSettings = {
				ASSETCATALOG_COMPILER_APPICON_NAME = AppIcon;
				CODE_SIGN_ENTITLEMENTS = SpiderLarge/SpiderLarge.entitlements;
				CODE_SIGN_IDENTITY = "Mac Developer";
				"CODE_SIGN_IDENTITY[sdk=*]" = "";
				"CODE_SIGN_IDENTITY[sdk=macosx*]" = "Mac Developer";
				COMBINE_HIDPI_IMAGES = YES;
				INFOPLIST_FILE = SpiderLarge/Info.plist;
				LD_RUNPATH_SEARCH_PATHS = "$(inherited) @executable_path/../Frameworks";
				LIBRARY_SEARCH_PATHS = (
					"$(inherited)",
					"$(SDKROOT)/usr/lib/system",
				);
				PRODUCT_NAME = "$(TARGET_NAME)";
				PROVISIONING_PROFILE = "";
			};
			name = Release;
		};
		F8E840DE1AC13F2C001CCB5B /* Debug */ = {
			isa = XCBuildConfiguration;
			buildSettings = {
				BUNDLE_LOADER = "$(TEST_HOST)";
				CODE_SIGN_IDENTITY = "Mac Developer";
				"CODE_SIGN_IDENTITY[sdk=macosx*]" = "Mac Developer";
				COMBINE_HIDPI_IMAGES = YES;
				FRAMEWORK_SEARCH_PATHS = (
					"$(DEVELOPER_FRAMEWORKS_DIR)",
					"$(inherited)",
				);
				GCC_PREPROCESSOR_DEFINITIONS = (
					"DEBUG=1",
					"$(inherited)",
				);
				INFOPLIST_FILE = SpiderLargeTests/Info.plist;
				LD_RUNPATH_SEARCH_PATHS = "$(inherited) @executable_path/../Frameworks @loader_path/../Frameworks";
				PRODUCT_NAME = "$(TARGET_NAME)";
				PROVISIONING_PROFILE = "";
				TEST_HOST = "$(BUILT_PRODUCTS_DIR)/SpiderLarge.app/Contents/MacOS/SpiderLarge";
			};
			name = Debug;
		};
		F8E840DF1AC13F2C001CCB5B /* Release */ = {
			isa = XCBuildConfiguration;
			buildSettings = {
				BUNDLE_LOADER = "$(TEST_HOST)";
				CODE_SIGN_IDENTITY = "Mac Developer";
				"CODE_SIGN_IDENTITY[sdk=macosx*]" = "Mac Developer";
				COMBINE_HIDPI_IMAGES = YES;
				FRAMEWORK_SEARCH_PATHS = (
					"$(DEVELOPER_FRAMEWORKS_DIR)",
					"$(inherited)",
				);
				INFOPLIST_FILE = SpiderLargeTests/Info.plist;
				LD_RUNPATH_SEARCH_PATHS = "$(inherited) @executable_path/../Frameworks @loader_path/../Frameworks";
				PRODUCT_NAME = "$(TARGET_NAME)";
				PROVISIONING_PROFILE = "";
				TEST_HOST = "$(BUILT_PRODUCTS_DIR)/SpiderLarge.app/Contents/MacOS/SpiderLarge";
			};
			name = Release;
		};
/* End XCBuildConfiguration section */

/* Begin XCConfigurationList section */
		F8E840B81AC13F2C001CCB5B /* Build configuration list for PBXProject "SpiderLarge" */ = {
			isa = XCConfigurationList;
			buildConfigurations = (
				F8E840D81AC13F2C001CCB5B /* Debug */,
				F8E840D91AC13F2C001CCB5B /* Release */,
			);
			defaultConfigurationIsVisible = 0;
			defaultConfigurationName = Release;
		};
		F8E840DA1AC13F2C001CCB5B /* Build configuration list for PBXNativeTarget "SpiderLarge" */ = {
			isa = XCConfigurationList;
			buildConfigurations = (
				F8E840DB1AC13F2C001CCB5B /* Debug */,
				F8E840DC1AC13F2C001CCB5B /* Release */,
			);
			defaultConfigurationIsVisible = 0;
			defaultConfigurationName = Release;
		};
		F8E840DD1AC13F2C001CCB5B /* Build configuration list for PBXNativeTarget "SpiderLargeTests" */ = {
			isa = XCConfigurationList;
			buildConfigurations = (
				F8E840DE1AC13F2C001CCB5B /* Debug */,
				F8E840DF1AC13F2C001CCB5B /* Release */,
			);
			defaultConfigurationIsVisible = 0;
			defaultConfigurationName = Release;
		};
/* End XCConfigurationList section */
	};
	rootObject = F8E840B51AC13F2C001CCB5B /* Project object */;
}
